
Microsoft Visual Studio Solution File, Format Version 12.00
# Visual Studio Version 16
VisualStudioVersion = 16.0.30621.155
MinimumVisualStudioVersion = 10.0.40219.1
Project("{9A19103F-16F7-4668-BE54-9A1E7A4F7556}") = "01_RecursiveArraySum", "AlgorithmsFundamentals\01_RecursiveArraySum.csproj", "{ADF49283-E66C-4AC0-A999-DC62BE172F9F}"
EndProject
Project("{2150E333-8FDC-42A3-9474-1A3956D46DE8}") = "RecursionAndBacktracking", "RecursionAndBacktracking", "{4BF84498-9E47-46D8-AF35-69D189AC7D4D}"
EndProject
Project("{9A19103F-16F7-4668-BE54-9A1E7A4F7556}") = "02_RecursiveDrawing", "02_RecursiveDrawing\02_RecursiveDrawing.csproj", "{C2C5179A-4C85-44AB-8F86-2EF641FDB53B}"
EndProject
Project("{9A19103F-16F7-4668-BE54-9A1E7A4F7556}") = "03_GeneratingVectors", "GeneratingVectors\03_GeneratingVectors.csproj", "{311D87D1-2700-498E-A09A-AD44B377A9B4}"
EndProject
Project("{9A19103F-16F7-4668-BE54-9A1E7A4F7556}") = "04_RecursiveFactorial", "RecursiveFactorial\04_RecursiveFactorial.csproj", "{2896BE84-6FFE-40CD-B897-CE43C6D7B78E}"
EndProject
Project("{9A19103F-16F7-4668-BE54-9A1E7A4F7556}") = "07_RecursiveFibonacci", "07_RecursiveFibonacci\07_RecursiveFibonacci.csproj", "{756D950E-44EC-47B2-91BD-C0527EBD0108}"
EndProject
Project("{9A19103F-16F7-4668-BE54-9A1E7A4F7556}") = "05_PathsInLabyrinth", "05_PathsInLabyrinth\05_PathsInLabyrinth.csproj", "{4DFDB18F-76EF-452D-9335-D7772B0301B3}"
EndProject
Project("{9A19103F-16F7-4668-BE54-9A1E7A4F7556}") = "06_8QueensPuzzle", "06_8QueensPuzzle\06_8QueensPuzzle.csproj", "{1FDAEB41-AAF5-4D8C-A14B-FEB346E869BD}"
EndProject
Project("{2150E333-8FDC-42A3-9474-1A3956D46DE8}") = "CombinatorialProblems", "CombinatorialProblems", "{9E9F8527-558D-4209-BBFB-77C9C42B6D44}"
EndProject
Project("{9A19103F-16F7-4668-BE54-9A1E7A4F7556}") = "01_PermutationsWithoutRepetition", "01_PermutationsWithoutRepetition\01_PermutationsWithoutRepetition.csproj", "{886E2F3F-FE90-4FAE-89B7-7F94C856912B}"
EndProject
Project("{9A19103F-16F7-4668-BE54-9A1E7A4F7556}") = "02_PermutationsWithRepetition", "02_PermutationsWithRepetition\02_PermutationsWithRepetition.csproj", "{D07E47F3-02B6-45A1-8A7C-C12CD88A60DB}"
EndProject
Project("{9A19103F-16F7-4668-BE54-9A1E7A4F7556}") = "03_VariationsWithoutRepetition", "03_VariationsWithoutRepetition\03_VariationsWithoutRepetition.csproj", "{69E2B980-4943-4FB0-BFFC-8A94B1A54C6D}"
EndProject
Project("{9A19103F-16F7-4668-BE54-9A1E7A4F7556}") = "04_VariationsWithRepetition", "04_VariationsWithRepetition\04_VariationsWithRepetition.csproj", "{4512EB90-C999-480A-B144-C37F090D500A}"
EndProject
Project("{9A19103F-16F7-4668-BE54-9A1E7A4F7556}") = "05_CombinationsWithoutRepetition", "05_CombinationsWithoutRepetition\05_CombinationsWithoutRepetition.csproj", "{9AEB1065-3BB4-4F56-A1F4-4FBE48D31E2D}"
EndProject
Project("{9A19103F-16F7-4668-BE54-9A1E7A4F7556}") = "06_CombinationsWithRepetition", "06_CombinationsWithRepetition\06_CombinationsWithRepetition.csproj", "{3711C3BC-30C6-42ED-A7E9-C448BA48DD68}"
EndProject
Project("{9A19103F-16F7-4668-BE54-9A1E7A4F7556}") = "07_NChooseKCount", "07_NChooseKCount\07_NChooseKCount.csproj", "{27325A70-2B5A-4FC4-9E54-2AAAC8B08E82}"
EndProject
Project("{2150E333-8FDC-42A3-9474-1A3956D46DE8}") = "RecursionAndCombinatorialProblems-Exercise", "RecursionAndCombinatorialProblems-Exercise", "{CA6101AA-62B9-4F67-8DCA-DD42A7BAD134}"
EndProject
Project("{9A19103F-16F7-4668-BE54-9A1E7A4F7556}") = "01_ReverseArray", "1_ReverseArray\01_ReverseArray.csproj", "{6C6C1B63-A2E8-4D5A-BEC6-AAF1511A4A92}"
EndProject
Project("{9A19103F-16F7-4668-BE54-9A1E7A4F7556}") = "02_NestedLoops", "02_NestedLoops\02_NestedLoops.csproj", "{A3201369-DAAC-45B7-81A5-5E2C402A9721}"
EndProject
Project("{9A19103F-16F7-4668-BE54-9A1E7A4F7556}") = "03_CombinationsWithRepetition", "03_CombinationsWithRepetition\03_CombinationsWithRepetition.csproj", "{2D56A04C-34A8-48C8-8CAE-DF62A8543F53}"
EndProject
Project("{9A19103F-16F7-4668-BE54-9A1E7A4F7556}") = "04_CombinationsWithoutRepetition", "04_CombinationsWithoutRepetition\04_CombinationsWithoutRepetition.csproj", "{FBFE7301-A532-4129-88E1-F79754964B11}"
EndProject
Project("{9A19103F-16F7-4668-BE54-9A1E7A4F7556}") = "05_ConnectedAreasInMatrix", "05_ConnectedAreasInMatrix\05_ConnectedAreasInMatrix.csproj", "{1EB58CD7-F8CF-4D9F-9D9D-CC7591D44859}"
EndProject
Project("{9A19103F-16F7-4668-BE54-9A1E7A4F7556}") = "06_Cinema", "06_Cinema\06_Cinema.csproj", "{78B3F9F6-121C-4365-BF27-653F471562FA}"
EndProject
Project("{9A19103F-16F7-4668-BE54-9A1E7A4F7556}") = "08_SchoolTeams", "08_SchoolTeams\08_SchoolTeams.csproj", "{2EDA6C0E-ACFD-41C1-A3E1-31DD11E3916A}"
EndProject
Project("{9A19103F-16F7-4668-BE54-9A1E7A4F7556}") = "07_WordCruncher", "07_WordCruncher\07_WordCruncher.csproj", "{514628E2-230E-42FC-B7FA-AF76EDDCE56A}"
EndProject
Project("{2150E333-8FDC-42A3-9474-1A3956D46DE8}") = "SearchingSortingAndGreedyAlgorithms", "SearchingSortingAndGreedyAlgorithms", "{A4C23DB9-943A-479D-89D9-CA84DD6E9EE0}"
EndProject
Project("{9A19103F-16F7-4668-BE54-9A1E7A4F7556}") = "01_BinarySearch", "01_BinarySearch\01_BinarySearch.csproj", "{123CA038-2436-44BA-8117-43F5615BDDFB}"
EndProject
Project("{9A19103F-16F7-4668-BE54-9A1E7A4F7556}") = "02_SelectionSort", "02_SelectionSort\02_SelectionSort.csproj", "{E57D5324-AEAC-428E-BE12-EFCCA5E69F13}"
EndProject
Project("{9A19103F-16F7-4668-BE54-9A1E7A4F7556}") = "03_BubbleSort", "03_BubbleSort\03_BubbleSort.csproj", "{8EB71A9E-75EA-465E-9150-27BB9E162A32}"
EndProject
Project("{9A19103F-16F7-4668-BE54-9A1E7A4F7556}") = "04_InsertionSort", "04_InsertionSort\04_InsertionSort.csproj", "{8B6BD12E-344D-45F5-984B-17B62BA8C09E}"
EndProject
Project("{9A19103F-16F7-4668-BE54-9A1E7A4F7556}") = "05_Quicksort", "05_Quicksort\05_Quicksort.csproj", "{CE1B6792-9ADC-4B16-811F-835BEEF9B5D6}"
EndProject
Project("{9A19103F-16F7-4668-BE54-9A1E7A4F7556}") = "06_MergeSort", "06_MergeSort\06_MergeSort.csproj", "{E2829CCC-78BE-4685-A6B2-88836F8F3704}"
EndProject
Project("{9A19103F-16F7-4668-BE54-9A1E7A4F7556}") = "07_SumOfCoins", "07_SumOfCoins\07_SumOfCoins.csproj", "{758ABACA-A9C5-4031-8E9D-59EE241B61A5}"
EndProject
Project("{9A19103F-16F7-4668-BE54-9A1E7A4F7556}") = "08_SetCover", "08_SetCover\08_SetCover.csproj", "{60DB684F-C228-400B-9641-FC32EF6F1964}"
EndProject
Project("{2150E333-8FDC-42A3-9474-1A3956D46DE8}") = "GraphTheoryTraversalAndShortestPaths", "GraphTheoryTraversalAndShortestPaths", "{EBAB43A6-709E-4643-A6FA-A3BA33978FB6}"
EndProject
Project("{9A19103F-16F7-4668-BE54-9A1E7A4F7556}") = "01_ConnectedComponents", "01_ConnectedComponents\01_ConnectedComponents.csproj", "{EF2EB5A6-BC6C-4F9F-8E37-A1CB1973AB79}"
EndProject
Project("{9A19103F-16F7-4668-BE54-9A1E7A4F7556}") = "02_TopologicalSorting", "02_TopologicalSorting\02_TopologicalSorting.csproj", "{2E8403DD-229B-4BDC-B98E-A16110C09E61}"
EndProject
Project("{9A19103F-16F7-4668-BE54-9A1E7A4F7556}") = "03_ShortestPath", "03_ShortestPath\03_ShortestPath.csproj", "{3C26B203-C675-4F81-B287-4BB00D81CDC8}"
EndProject
Project("{9A19103F-16F7-4668-BE54-9A1E7A4F7556}") = "04_DistanceBetweenVertices", "04_DistanceBetweenVertices\04_DistanceBetweenVertices.csproj", "{F8DBE890-A11B-4443-917D-82A509F26896}"
EndProject
Project("{9A19103F-16F7-4668-BE54-9A1E7A4F7556}") = "05_AreasInMatrix", "05_AreasInMatrix\05_AreasInMatrix.csproj", "{AD2849E7-F66E-4A75-BA23-B980E2AC9AD1}"
EndProject
Project("{9A19103F-16F7-4668-BE54-9A1E7A4F7556}") = "06_CyclesInGraph", "06_CyclesInGraph\06_CyclesInGraph.csproj", "{578FD2A4-B06B-4110-8EB8-3D37DA783992}"
EndProject
Project("{9A19103F-16F7-4668-BE54-9A1E7A4F7556}") = "07_Salaries", "07_Salaries\07_Salaries.csproj", "{4FCEE555-31CB-4640-A784-9BB2EA8E7C92}"
EndProject
Project("{9A19103F-16F7-4668-BE54-9A1E7A4F7556}") = "08_BreakCycles", "05_BreakCycles\08_BreakCycles.csproj", "{5E59502F-FFA1-4299-B206-BD870821B6B0}"
EndProject
Project("{9A19103F-16F7-4668-BE54-9A1E7A4F7556}") = "09_RoadReconstruction", "09_RoadReconstruction\09_RoadReconstruction.csproj", "{C9DA0857-27A4-4E22-B104-4E5F5A2D631D}"
EndProject
Project("{2150E333-8FDC-42A3-9474-1A3956D46DE8}") = "DynamicProgramming", "DynamicProgramming", "{4F06BD54-3C32-40B2-AEFB-A4048853830C}"
EndProject
Project("{9A19103F-16F7-4668-BE54-9A1E7A4F7556}") = "01_Fibonacci", "01_Fibonacci\01_Fibonacci.csproj", "{D768B919-3DA9-49A9-8DF2-1BE77175F35C}"
EndProject
Project("{9A19103F-16F7-4668-BE54-9A1E7A4F7556}") = "02_MoveDownRight", "02_MoveDownRight\02_MoveDownRight.csproj", "{1FC84D95-8778-4891-845F-DE70CD33C177}"
EndProject
Project("{9A19103F-16F7-4668-BE54-9A1E7A4F7556}") = "03_LongestCommonSubsequence", "03_LongestCommonSubsequence\03_LongestCommonSubsequence.csproj", "{6C4B269E-2232-4C56-B2C6-4594AC1DBA4F}"
EndProject
Project("{2150E333-8FDC-42A3-9474-1A3956D46DE8}") = "AlgorithmsFundExamPrep", "AlgorithmsFundExamPrep", "{E3FFF692-7878-4253-8691-E88E60C770E6}"
EndProject
Project("{9A19103F-16F7-4668-BE54-9A1E7A4F7556}") = "01_TwoMinutesToMidnight", "01_TwoMinutesToMidnight\01_TwoMinutesToMidnight.csproj", "{E0F96E26-3891-41B5-B763-F33B489BAA73}"
EndProject
Project("{9A19103F-16F7-4668-BE54-9A1E7A4F7556}") = "02_HiddenValues", "02_HiddenValues\02_HiddenValues.csproj", "{7E620321-5616-45F7-9F0B-6079299A2705}"
EndProject
Project("{9A19103F-16F7-4668-BE54-9A1E7A4F7556}") = "03_TheStoryTelling", "03_TheStoryTelling\03_TheStoryTelling.csproj", "{8B1277DE-F926-4208-A368-27B51CC2E7FC}"
EndProject
Project("{9A19103F-16F7-4668-BE54-9A1E7A4F7556}") = "04_SubsetSumWiothoutRepetitions", "04_SubsetSumWiothoutRepetitions\04_SubsetSumWiothoutRepetitions.csproj", "{24AFEB13-ADD1-4B57-AFF9-E174F4BFD577}"
EndProject
Project("{9A19103F-16F7-4668-BE54-9A1E7A4F7556}") = "05_SubsetSumWithRepetitions", "05_SubsetSumWithRepetitions\05_SubsetSumWithRepetitions.csproj", "{A6E18B08-4759-4AA7-8B70-9F32FBE33170}"
EndProject
Project("{9A19103F-16F7-4668-BE54-9A1E7A4F7556}") = "06_BinomialCoefficients", "01_BinomialCoefficients\06_BinomialCoefficients.csproj", "{04D00787-3C8F-42D2-8B93-305859EF2C77}"
EndProject
Project("{9A19103F-16F7-4668-BE54-9A1E7A4F7556}") = "07_DividingPresents", "07_DividingPresents\07_DividingPresents.csproj", "{E7000BC2-861E-408E-995C-134824DCA86D}"
EndProject
Project("{9A19103F-16F7-4668-BE54-9A1E7A4F7556}") = "08_SumWithUnlimitedCoins", "08_SumWithUnlimitedCoins\08_SumWithUnlimitedCoins.csproj", "{CC044CFA-B8F2-465E-9529-AF86170ED2C7}"
EndProject
Project("{9A19103F-16F7-4668-BE54-9A1E7A4F7556}") = "09_SumWithLimitedCoins", "09_SumWithLimitedCoins\09_SumWithLimitedCoins.csproj", "{92CC34E4-87D3-4F54-829C-54DCD6B85EB4}"
EndProject
Project("{9A19103F-16F7-4668-BE54-9A1E7A4F7556}") = "10_WordDifferences", "10_WordDifferences\10_WordDifferences.csproj", "{9C4AB6D1-DE49-4868-AAB3-AE6692CC32E4}"
EndProject
Project("{9A19103F-16F7-4668-BE54-9A1E7A4F7556}") = "11_ConnectingCables", "11_ConnectingCables\11_ConnectingCables.csproj", "{5BECEAFB-82C4-4D59-BAA0-D4553F04F19E}"
EndProject
Project("{9A19103F-16F7-4668-BE54-9A1E7A4F7556}") = "12_MinimumEditDistance", "12_MinimumEditDistance\12_MinimumEditDistance.csproj", "{E4F8060C-085D-4C29-B958-F1ED32D2F6AF}"
EndProject
Project("{9A19103F-16F7-4668-BE54-9A1E7A4F7556}") = "Test", "Test\Test.csproj", "{B9048AD6-B9E7-4621-AB47-EC23967BFDCC}"
EndProject
Project("{9A19103F-16F7-4668-BE54-9A1E7A4F7556}") = "04_Time", "04_Time\04_Time.csproj", "{F98C6977-E54B-41C3-9DD2-259AF77D7FE6}"
EndProject
Project("{9A19103F-16F7-4668-BE54-9A1E7A4F7556}") = "05_MonkeyBusiness", "05_MonkeyBusiness\05_MonkeyBusiness.csproj", "{CAC77276-FD47-4AF9-8171-A97C3081F96E}"
EndProject
Project("{9A19103F-16F7-4668-BE54-9A1E7A4F7556}") = "06_ClusterBorder", "06_ClusterBorder\06_ClusterBorder.csproj", "{88402DDB-00E4-4649-831A-3C9B06BA033F}"
EndProject
Project("{9A19103F-16F7-4668-BE54-9A1E7A4F7556}") = "07_Molecules", "07_Molecules\07_Molecules.csproj", "{BCAA20EE-5DCB-40AF-BB03-EF20604B5490}"
EndProject
Project("{9A19103F-16F7-4668-BE54-9A1E7A4F7556}") = "08_BlackMesa", "08_BlackMesa\08_BlackMesa.csproj", "{16089611-C781-41D6-B98B-F68527AFC7AF}"
EndProject
Project("{2150E333-8FDC-42A3-9474-1A3956D46DE8}") = "AlgorithmsExam03.01.2021", "AlgorithmsExam03.01.2021", "{9B8600C3-D997-4C18-9C34-4BCA8BC1B32E}"
EndProject
Project("{FAE04EC0-301F-11D3-BF4B-00C04F79EFBC}") = "Problem01", "Problem01\Problem01.csproj", "{CB74363B-9FF8-40E9-A945-4F8688174047}"
EndProject
Project("{FAE04EC0-301F-11D3-BF4B-00C04F79EFBC}") = "Problem02", "Problem02\Problem02.csproj", "{190C8ED1-398A-4622-828E-19E22DE41CDC}"
EndProject
Project("{FAE04EC0-301F-11D3-BF4B-00C04F79EFBC}") = "Problem03", "Problem03\Problem03.csproj", "{832F28B7-87E5-460B-8098-3657E64043F8}"
EndProject
Global
	GlobalSection(SolutionConfigurationPlatforms) = preSolution
		Debug|Any CPU = Debug|Any CPU
		Release|Any CPU = Release|Any CPU
	EndGlobalSection
	GlobalSection(ProjectConfigurationPlatforms) = postSolution
		{ADF49283-E66C-4AC0-A999-DC62BE172F9F}.Debug|Any CPU.ActiveCfg = Debug|Any CPU
		{ADF49283-E66C-4AC0-A999-DC62BE172F9F}.Debug|Any CPU.Build.0 = Debug|Any CPU
		{ADF49283-E66C-4AC0-A999-DC62BE172F9F}.Release|Any CPU.ActiveCfg = Release|Any CPU
		{ADF49283-E66C-4AC0-A999-DC62BE172F9F}.Release|Any CPU.Build.0 = Release|Any CPU
		{C2C5179A-4C85-44AB-8F86-2EF641FDB53B}.Debug|Any CPU.ActiveCfg = Debug|Any CPU
		{C2C5179A-4C85-44AB-8F86-2EF641FDB53B}.Debug|Any CPU.Build.0 = Debug|Any CPU
		{C2C5179A-4C85-44AB-8F86-2EF641FDB53B}.Release|Any CPU.ActiveCfg = Release|Any CPU
		{C2C5179A-4C85-44AB-8F86-2EF641FDB53B}.Release|Any CPU.Build.0 = Release|Any CPU
		{311D87D1-2700-498E-A09A-AD44B377A9B4}.Debug|Any CPU.ActiveCfg = Debug|Any CPU
		{311D87D1-2700-498E-A09A-AD44B377A9B4}.Debug|Any CPU.Build.0 = Debug|Any CPU
		{311D87D1-2700-498E-A09A-AD44B377A9B4}.Release|Any CPU.ActiveCfg = Release|Any CPU
		{311D87D1-2700-498E-A09A-AD44B377A9B4}.Release|Any CPU.Build.0 = Release|Any CPU
		{2896BE84-6FFE-40CD-B897-CE43C6D7B78E}.Debug|Any CPU.ActiveCfg = Debug|Any CPU
		{2896BE84-6FFE-40CD-B897-CE43C6D7B78E}.Debug|Any CPU.Build.0 = Debug|Any CPU
		{2896BE84-6FFE-40CD-B897-CE43C6D7B78E}.Release|Any CPU.ActiveCfg = Release|Any CPU
		{2896BE84-6FFE-40CD-B897-CE43C6D7B78E}.Release|Any CPU.Build.0 = Release|Any CPU
		{756D950E-44EC-47B2-91BD-C0527EBD0108}.Debug|Any CPU.ActiveCfg = Debug|Any CPU
		{756D950E-44EC-47B2-91BD-C0527EBD0108}.Debug|Any CPU.Build.0 = Debug|Any CPU
		{756D950E-44EC-47B2-91BD-C0527EBD0108}.Release|Any CPU.ActiveCfg = Release|Any CPU
		{756D950E-44EC-47B2-91BD-C0527EBD0108}.Release|Any CPU.Build.0 = Release|Any CPU
		{4DFDB18F-76EF-452D-9335-D7772B0301B3}.Debug|Any CPU.ActiveCfg = Debug|Any CPU
		{4DFDB18F-76EF-452D-9335-D7772B0301B3}.Debug|Any CPU.Build.0 = Debug|Any CPU
		{4DFDB18F-76EF-452D-9335-D7772B0301B3}.Release|Any CPU.ActiveCfg = Release|Any CPU
		{4DFDB18F-76EF-452D-9335-D7772B0301B3}.Release|Any CPU.Build.0 = Release|Any CPU
		{1FDAEB41-AAF5-4D8C-A14B-FEB346E869BD}.Debug|Any CPU.ActiveCfg = Debug|Any CPU
		{1FDAEB41-AAF5-4D8C-A14B-FEB346E869BD}.Debug|Any CPU.Build.0 = Debug|Any CPU
		{1FDAEB41-AAF5-4D8C-A14B-FEB346E869BD}.Release|Any CPU.ActiveCfg = Release|Any CPU
		{1FDAEB41-AAF5-4D8C-A14B-FEB346E869BD}.Release|Any CPU.Build.0 = Release|Any CPU
		{886E2F3F-FE90-4FAE-89B7-7F94C856912B}.Debug|Any CPU.ActiveCfg = Debug|Any CPU
		{886E2F3F-FE90-4FAE-89B7-7F94C856912B}.Debug|Any CPU.Build.0 = Debug|Any CPU
		{886E2F3F-FE90-4FAE-89B7-7F94C856912B}.Release|Any CPU.ActiveCfg = Release|Any CPU
		{886E2F3F-FE90-4FAE-89B7-7F94C856912B}.Release|Any CPU.Build.0 = Release|Any CPU
		{D07E47F3-02B6-45A1-8A7C-C12CD88A60DB}.Debug|Any CPU.ActiveCfg = Debug|Any CPU
		{D07E47F3-02B6-45A1-8A7C-C12CD88A60DB}.Debug|Any CPU.Build.0 = Debug|Any CPU
		{D07E47F3-02B6-45A1-8A7C-C12CD88A60DB}.Release|Any CPU.ActiveCfg = Release|Any CPU
		{D07E47F3-02B6-45A1-8A7C-C12CD88A60DB}.Release|Any CPU.Build.0 = Release|Any CPU
		{69E2B980-4943-4FB0-BFFC-8A94B1A54C6D}.Debug|Any CPU.ActiveCfg = Debug|Any CPU
		{69E2B980-4943-4FB0-BFFC-8A94B1A54C6D}.Debug|Any CPU.Build.0 = Debug|Any CPU
		{69E2B980-4943-4FB0-BFFC-8A94B1A54C6D}.Release|Any CPU.ActiveCfg = Release|Any CPU
		{69E2B980-4943-4FB0-BFFC-8A94B1A54C6D}.Release|Any CPU.Build.0 = Release|Any CPU
		{4512EB90-C999-480A-B144-C37F090D500A}.Debug|Any CPU.ActiveCfg = Debug|Any CPU
		{4512EB90-C999-480A-B144-C37F090D500A}.Debug|Any CPU.Build.0 = Debug|Any CPU
		{4512EB90-C999-480A-B144-C37F090D500A}.Release|Any CPU.ActiveCfg = Release|Any CPU
		{4512EB90-C999-480A-B144-C37F090D500A}.Release|Any CPU.Build.0 = Release|Any CPU
		{9AEB1065-3BB4-4F56-A1F4-4FBE48D31E2D}.Debug|Any CPU.ActiveCfg = Debug|Any CPU
		{9AEB1065-3BB4-4F56-A1F4-4FBE48D31E2D}.Debug|Any CPU.Build.0 = Debug|Any CPU
		{9AEB1065-3BB4-4F56-A1F4-4FBE48D31E2D}.Release|Any CPU.ActiveCfg = Release|Any CPU
		{9AEB1065-3BB4-4F56-A1F4-4FBE48D31E2D}.Release|Any CPU.Build.0 = Release|Any CPU
		{3711C3BC-30C6-42ED-A7E9-C448BA48DD68}.Debug|Any CPU.ActiveCfg = Debug|Any CPU
		{3711C3BC-30C6-42ED-A7E9-C448BA48DD68}.Debug|Any CPU.Build.0 = Debug|Any CPU
		{3711C3BC-30C6-42ED-A7E9-C448BA48DD68}.Release|Any CPU.ActiveCfg = Release|Any CPU
		{3711C3BC-30C6-42ED-A7E9-C448BA48DD68}.Release|Any CPU.Build.0 = Release|Any CPU
		{27325A70-2B5A-4FC4-9E54-2AAAC8B08E82}.Debug|Any CPU.ActiveCfg = Debug|Any CPU
		{27325A70-2B5A-4FC4-9E54-2AAAC8B08E82}.Debug|Any CPU.Build.0 = Debug|Any CPU
		{27325A70-2B5A-4FC4-9E54-2AAAC8B08E82}.Release|Any CPU.ActiveCfg = Release|Any CPU
		{27325A70-2B5A-4FC4-9E54-2AAAC8B08E82}.Release|Any CPU.Build.0 = Release|Any CPU
		{6C6C1B63-A2E8-4D5A-BEC6-AAF1511A4A92}.Debug|Any CPU.ActiveCfg = Debug|Any CPU
		{6C6C1B63-A2E8-4D5A-BEC6-AAF1511A4A92}.Debug|Any CPU.Build.0 = Debug|Any CPU
		{6C6C1B63-A2E8-4D5A-BEC6-AAF1511A4A92}.Release|Any CPU.ActiveCfg = Release|Any CPU
		{6C6C1B63-A2E8-4D5A-BEC6-AAF1511A4A92}.Release|Any CPU.Build.0 = Release|Any CPU
		{A3201369-DAAC-45B7-81A5-5E2C402A9721}.Debug|Any CPU.ActiveCfg = Debug|Any CPU
		{A3201369-DAAC-45B7-81A5-5E2C402A9721}.Debug|Any CPU.Build.0 = Debug|Any CPU
		{A3201369-DAAC-45B7-81A5-5E2C402A9721}.Release|Any CPU.ActiveCfg = Release|Any CPU
		{A3201369-DAAC-45B7-81A5-5E2C402A9721}.Release|Any CPU.Build.0 = Release|Any CPU
		{2D56A04C-34A8-48C8-8CAE-DF62A8543F53}.Debug|Any CPU.ActiveCfg = Debug|Any CPU
		{2D56A04C-34A8-48C8-8CAE-DF62A8543F53}.Debug|Any CPU.Build.0 = Debug|Any CPU
		{2D56A04C-34A8-48C8-8CAE-DF62A8543F53}.Release|Any CPU.ActiveCfg = Release|Any CPU
		{2D56A04C-34A8-48C8-8CAE-DF62A8543F53}.Release|Any CPU.Build.0 = Release|Any CPU
		{FBFE7301-A532-4129-88E1-F79754964B11}.Debug|Any CPU.ActiveCfg = Debug|Any CPU
		{FBFE7301-A532-4129-88E1-F79754964B11}.Debug|Any CPU.Build.0 = Debug|Any CPU
		{FBFE7301-A532-4129-88E1-F79754964B11}.Release|Any CPU.ActiveCfg = Release|Any CPU
		{FBFE7301-A532-4129-88E1-F79754964B11}.Release|Any CPU.Build.0 = Release|Any CPU
		{1EB58CD7-F8CF-4D9F-9D9D-CC7591D44859}.Debug|Any CPU.ActiveCfg = Debug|Any CPU
		{1EB58CD7-F8CF-4D9F-9D9D-CC7591D44859}.Debug|Any CPU.Build.0 = Debug|Any CPU
		{1EB58CD7-F8CF-4D9F-9D9D-CC7591D44859}.Release|Any CPU.ActiveCfg = Release|Any CPU
		{1EB58CD7-F8CF-4D9F-9D9D-CC7591D44859}.Release|Any CPU.Build.0 = Release|Any CPU
		{78B3F9F6-121C-4365-BF27-653F471562FA}.Debug|Any CPU.ActiveCfg = Debug|Any CPU
		{78B3F9F6-121C-4365-BF27-653F471562FA}.Debug|Any CPU.Build.0 = Debug|Any CPU
		{78B3F9F6-121C-4365-BF27-653F471562FA}.Release|Any CPU.ActiveCfg = Release|Any CPU
		{78B3F9F6-121C-4365-BF27-653F471562FA}.Release|Any CPU.Build.0 = Release|Any CPU
		{2EDA6C0E-ACFD-41C1-A3E1-31DD11E3916A}.Debug|Any CPU.ActiveCfg = Debug|Any CPU
		{2EDA6C0E-ACFD-41C1-A3E1-31DD11E3916A}.Debug|Any CPU.Build.0 = Debug|Any CPU
		{2EDA6C0E-ACFD-41C1-A3E1-31DD11E3916A}.Release|Any CPU.ActiveCfg = Release|Any CPU
		{2EDA6C0E-ACFD-41C1-A3E1-31DD11E3916A}.Release|Any CPU.Build.0 = Release|Any CPU
		{514628E2-230E-42FC-B7FA-AF76EDDCE56A}.Debug|Any CPU.ActiveCfg = Debug|Any CPU
		{514628E2-230E-42FC-B7FA-AF76EDDCE56A}.Debug|Any CPU.Build.0 = Debug|Any CPU
		{514628E2-230E-42FC-B7FA-AF76EDDCE56A}.Release|Any CPU.ActiveCfg = Release|Any CPU
		{514628E2-230E-42FC-B7FA-AF76EDDCE56A}.Release|Any CPU.Build.0 = Release|Any CPU
		{123CA038-2436-44BA-8117-43F5615BDDFB}.Debug|Any CPU.ActiveCfg = Debug|Any CPU
		{123CA038-2436-44BA-8117-43F5615BDDFB}.Debug|Any CPU.Build.0 = Debug|Any CPU
		{123CA038-2436-44BA-8117-43F5615BDDFB}.Release|Any CPU.ActiveCfg = Release|Any CPU
		{123CA038-2436-44BA-8117-43F5615BDDFB}.Release|Any CPU.Build.0 = Release|Any CPU
		{E57D5324-AEAC-428E-BE12-EFCCA5E69F13}.Debug|Any CPU.ActiveCfg = Debug|Any CPU
		{E57D5324-AEAC-428E-BE12-EFCCA5E69F13}.Debug|Any CPU.Build.0 = Debug|Any CPU
		{E57D5324-AEAC-428E-BE12-EFCCA5E69F13}.Release|Any CPU.ActiveCfg = Release|Any CPU
		{E57D5324-AEAC-428E-BE12-EFCCA5E69F13}.Release|Any CPU.Build.0 = Release|Any CPU
		{8EB71A9E-75EA-465E-9150-27BB9E162A32}.Debug|Any CPU.ActiveCfg = Debug|Any CPU
		{8EB71A9E-75EA-465E-9150-27BB9E162A32}.Debug|Any CPU.Build.0 = Debug|Any CPU
		{8EB71A9E-75EA-465E-9150-27BB9E162A32}.Release|Any CPU.ActiveCfg = Release|Any CPU
		{8EB71A9E-75EA-465E-9150-27BB9E162A32}.Release|Any CPU.Build.0 = Release|Any CPU
		{8B6BD12E-344D-45F5-984B-17B62BA8C09E}.Debug|Any CPU.ActiveCfg = Debug|Any CPU
		{8B6BD12E-344D-45F5-984B-17B62BA8C09E}.Debug|Any CPU.Build.0 = Debug|Any CPU
		{8B6BD12E-344D-45F5-984B-17B62BA8C09E}.Release|Any CPU.ActiveCfg = Release|Any CPU
		{8B6BD12E-344D-45F5-984B-17B62BA8C09E}.Release|Any CPU.Build.0 = Release|Any CPU
		{CE1B6792-9ADC-4B16-811F-835BEEF9B5D6}.Debug|Any CPU.ActiveCfg = Debug|Any CPU
		{CE1B6792-9ADC-4B16-811F-835BEEF9B5D6}.Debug|Any CPU.Build.0 = Debug|Any CPU
		{CE1B6792-9ADC-4B16-811F-835BEEF9B5D6}.Release|Any CPU.ActiveCfg = Release|Any CPU
		{CE1B6792-9ADC-4B16-811F-835BEEF9B5D6}.Release|Any CPU.Build.0 = Release|Any CPU
		{E2829CCC-78BE-4685-A6B2-88836F8F3704}.Debug|Any CPU.ActiveCfg = Debug|Any CPU
		{E2829CCC-78BE-4685-A6B2-88836F8F3704}.Debug|Any CPU.Build.0 = Debug|Any CPU
		{E2829CCC-78BE-4685-A6B2-88836F8F3704}.Release|Any CPU.ActiveCfg = Release|Any CPU
		{E2829CCC-78BE-4685-A6B2-88836F8F3704}.Release|Any CPU.Build.0 = Release|Any CPU
		{758ABACA-A9C5-4031-8E9D-59EE241B61A5}.Debug|Any CPU.ActiveCfg = Debug|Any CPU
		{758ABACA-A9C5-4031-8E9D-59EE241B61A5}.Debug|Any CPU.Build.0 = Debug|Any CPU
		{758ABACA-A9C5-4031-8E9D-59EE241B61A5}.Release|Any CPU.ActiveCfg = Release|Any CPU
		{758ABACA-A9C5-4031-8E9D-59EE241B61A5}.Release|Any CPU.Build.0 = Release|Any CPU
		{60DB684F-C228-400B-9641-FC32EF6F1964}.Debug|Any CPU.ActiveCfg = Debug|Any CPU
		{60DB684F-C228-400B-9641-FC32EF6F1964}.Debug|Any CPU.Build.0 = Debug|Any CPU
		{60DB684F-C228-400B-9641-FC32EF6F1964}.Release|Any CPU.ActiveCfg = Release|Any CPU
		{60DB684F-C228-400B-9641-FC32EF6F1964}.Release|Any CPU.Build.0 = Release|Any CPU
		{EF2EB5A6-BC6C-4F9F-8E37-A1CB1973AB79}.Debug|Any CPU.ActiveCfg = Debug|Any CPU
		{EF2EB5A6-BC6C-4F9F-8E37-A1CB1973AB79}.Debug|Any CPU.Build.0 = Debug|Any CPU
		{EF2EB5A6-BC6C-4F9F-8E37-A1CB1973AB79}.Release|Any CPU.ActiveCfg = Release|Any CPU
		{EF2EB5A6-BC6C-4F9F-8E37-A1CB1973AB79}.Release|Any CPU.Build.0 = Release|Any CPU
		{2E8403DD-229B-4BDC-B98E-A16110C09E61}.Debug|Any CPU.ActiveCfg = Debug|Any CPU
		{2E8403DD-229B-4BDC-B98E-A16110C09E61}.Debug|Any CPU.Build.0 = Debug|Any CPU
		{2E8403DD-229B-4BDC-B98E-A16110C09E61}.Release|Any CPU.ActiveCfg = Release|Any CPU
		{2E8403DD-229B-4BDC-B98E-A16110C09E61}.Release|Any CPU.Build.0 = Release|Any CPU
		{3C26B203-C675-4F81-B287-4BB00D81CDC8}.Debug|Any CPU.ActiveCfg = Debug|Any CPU
		{3C26B203-C675-4F81-B287-4BB00D81CDC8}.Debug|Any CPU.Build.0 = Debug|Any CPU
		{3C26B203-C675-4F81-B287-4BB00D81CDC8}.Release|Any CPU.ActiveCfg = Release|Any CPU
		{3C26B203-C675-4F81-B287-4BB00D81CDC8}.Release|Any CPU.Build.0 = Release|Any CPU
		{F8DBE890-A11B-4443-917D-82A509F26896}.Debug|Any CPU.ActiveCfg = Debug|Any CPU
		{F8DBE890-A11B-4443-917D-82A509F26896}.Debug|Any CPU.Build.0 = Debug|Any CPU
		{F8DBE890-A11B-4443-917D-82A509F26896}.Release|Any CPU.ActiveCfg = Release|Any CPU
		{F8DBE890-A11B-4443-917D-82A509F26896}.Release|Any CPU.Build.0 = Release|Any CPU
		{AD2849E7-F66E-4A75-BA23-B980E2AC9AD1}.Debug|Any CPU.ActiveCfg = Debug|Any CPU
		{AD2849E7-F66E-4A75-BA23-B980E2AC9AD1}.Debug|Any CPU.Build.0 = Debug|Any CPU
		{AD2849E7-F66E-4A75-BA23-B980E2AC9AD1}.Release|Any CPU.ActiveCfg = Release|Any CPU
		{AD2849E7-F66E-4A75-BA23-B980E2AC9AD1}.Release|Any CPU.Build.0 = Release|Any CPU
		{578FD2A4-B06B-4110-8EB8-3D37DA783992}.Debug|Any CPU.ActiveCfg = Debug|Any CPU
		{578FD2A4-B06B-4110-8EB8-3D37DA783992}.Debug|Any CPU.Build.0 = Debug|Any CPU
		{578FD2A4-B06B-4110-8EB8-3D37DA783992}.Release|Any CPU.ActiveCfg = Release|Any CPU
		{578FD2A4-B06B-4110-8EB8-3D37DA783992}.Release|Any CPU.Build.0 = Release|Any CPU
		{4FCEE555-31CB-4640-A784-9BB2EA8E7C92}.Debug|Any CPU.ActiveCfg = Debug|Any CPU
		{4FCEE555-31CB-4640-A784-9BB2EA8E7C92}.Debug|Any CPU.Build.0 = Debug|Any CPU
		{4FCEE555-31CB-4640-A784-9BB2EA8E7C92}.Release|Any CPU.ActiveCfg = Release|Any CPU
		{4FCEE555-31CB-4640-A784-9BB2EA8E7C92}.Release|Any CPU.Build.0 = Release|Any CPU
		{5E59502F-FFA1-4299-B206-BD870821B6B0}.Debug|Any CPU.ActiveCfg = Debug|Any CPU
		{5E59502F-FFA1-4299-B206-BD870821B6B0}.Debug|Any CPU.Build.0 = Debug|Any CPU
		{5E59502F-FFA1-4299-B206-BD870821B6B0}.Release|Any CPU.ActiveCfg = Release|Any CPU
		{5E59502F-FFA1-4299-B206-BD870821B6B0}.Release|Any CPU.Build.0 = Release|Any CPU
		{C9DA0857-27A4-4E22-B104-4E5F5A2D631D}.Debug|Any CPU.ActiveCfg = Debug|Any CPU
		{C9DA0857-27A4-4E22-B104-4E5F5A2D631D}.Debug|Any CPU.Build.0 = Debug|Any CPU
		{C9DA0857-27A4-4E22-B104-4E5F5A2D631D}.Release|Any CPU.ActiveCfg = Release|Any CPU
		{C9DA0857-27A4-4E22-B104-4E5F5A2D631D}.Release|Any CPU.Build.0 = Release|Any CPU
		{D768B919-3DA9-49A9-8DF2-1BE77175F35C}.Debug|Any CPU.ActiveCfg = Debug|Any CPU
		{D768B919-3DA9-49A9-8DF2-1BE77175F35C}.Debug|Any CPU.Build.0 = Debug|Any CPU
		{D768B919-3DA9-49A9-8DF2-1BE77175F35C}.Release|Any CPU.ActiveCfg = Release|Any CPU
		{D768B919-3DA9-49A9-8DF2-1BE77175F35C}.Release|Any CPU.Build.0 = Release|Any CPU
		{1FC84D95-8778-4891-845F-DE70CD33C177}.Debug|Any CPU.ActiveCfg = Debug|Any CPU
		{1FC84D95-8778-4891-845F-DE70CD33C177}.Debug|Any CPU.Build.0 = Debug|Any CPU
		{1FC84D95-8778-4891-845F-DE70CD33C177}.Release|Any CPU.ActiveCfg = Release|Any CPU
		{1FC84D95-8778-4891-845F-DE70CD33C177}.Release|Any CPU.Build.0 = Release|Any CPU
		{6C4B269E-2232-4C56-B2C6-4594AC1DBA4F}.Debug|Any CPU.ActiveCfg = Debug|Any CPU
		{6C4B269E-2232-4C56-B2C6-4594AC1DBA4F}.Debug|Any CPU.Build.0 = Debug|Any CPU
		{6C4B269E-2232-4C56-B2C6-4594AC1DBA4F}.Release|Any CPU.ActiveCfg = Release|Any CPU
		{6C4B269E-2232-4C56-B2C6-4594AC1DBA4F}.Release|Any CPU.Build.0 = Release|Any CPU
		{E0F96E26-3891-41B5-B763-F33B489BAA73}.Debug|Any CPU.ActiveCfg = Debug|Any CPU
		{E0F96E26-3891-41B5-B763-F33B489BAA73}.Debug|Any CPU.Build.0 = Debug|Any CPU
		{E0F96E26-3891-41B5-B763-F33B489BAA73}.Release|Any CPU.ActiveCfg = Release|Any CPU
		{E0F96E26-3891-41B5-B763-F33B489BAA73}.Release|Any CPU.Build.0 = Release|Any CPU
		{7E620321-5616-45F7-9F0B-6079299A2705}.Debug|Any CPU.ActiveCfg = Debug|Any CPU
		{7E620321-5616-45F7-9F0B-6079299A2705}.Debug|Any CPU.Build.0 = Debug|Any CPU
		{7E620321-5616-45F7-9F0B-6079299A2705}.Release|Any CPU.ActiveCfg = Release|Any CPU
		{7E620321-5616-45F7-9F0B-6079299A2705}.Release|Any CPU.Build.0 = Release|Any CPU
		{8B1277DE-F926-4208-A368-27B51CC2E7FC}.Debug|Any CPU.ActiveCfg = Debug|Any CPU
		{8B1277DE-F926-4208-A368-27B51CC2E7FC}.Debug|Any CPU.Build.0 = Debug|Any CPU
		{8B1277DE-F926-4208-A368-27B51CC2E7FC}.Release|Any CPU.ActiveCfg = Release|Any CPU
		{8B1277DE-F926-4208-A368-27B51CC2E7FC}.Release|Any CPU.Build.0 = Release|Any CPU
		{24AFEB13-ADD1-4B57-AFF9-E174F4BFD577}.Debug|Any CPU.ActiveCfg = Debug|Any CPU
		{24AFEB13-ADD1-4B57-AFF9-E174F4BFD577}.Debug|Any CPU.Build.0 = Debug|Any CPU
		{24AFEB13-ADD1-4B57-AFF9-E174F4BFD577}.Release|Any CPU.ActiveCfg = Release|Any CPU
		{24AFEB13-ADD1-4B57-AFF9-E174F4BFD577}.Release|Any CPU.Build.0 = Release|Any CPU
		{A6E18B08-4759-4AA7-8B70-9F32FBE33170}.Debug|Any CPU.ActiveCfg = Debug|Any CPU
		{A6E18B08-4759-4AA7-8B70-9F32FBE33170}.Debug|Any CPU.Build.0 = Debug|Any CPU
		{A6E18B08-4759-4AA7-8B70-9F32FBE33170}.Release|Any CPU.ActiveCfg = Release|Any CPU
		{A6E18B08-4759-4AA7-8B70-9F32FBE33170}.Release|Any CPU.Build.0 = Release|Any CPU
		{04D00787-3C8F-42D2-8B93-305859EF2C77}.Debug|Any CPU.ActiveCfg = Debug|Any CPU
		{04D00787-3C8F-42D2-8B93-305859EF2C77}.Debug|Any CPU.Build.0 = Debug|Any CPU
		{04D00787-3C8F-42D2-8B93-305859EF2C77}.Release|Any CPU.ActiveCfg = Release|Any CPU
		{04D00787-3C8F-42D2-8B93-305859EF2C77}.Release|Any CPU.Build.0 = Release|Any CPU
		{E7000BC2-861E-408E-995C-134824DCA86D}.Debug|Any CPU.ActiveCfg = Debug|Any CPU
		{E7000BC2-861E-408E-995C-134824DCA86D}.Debug|Any CPU.Build.0 = Debug|Any CPU
		{E7000BC2-861E-408E-995C-134824DCA86D}.Release|Any CPU.ActiveCfg = Release|Any CPU
		{E7000BC2-861E-408E-995C-134824DCA86D}.Release|Any CPU.Build.0 = Release|Any CPU
		{CC044CFA-B8F2-465E-9529-AF86170ED2C7}.Debug|Any CPU.ActiveCfg = Debug|Any CPU
		{CC044CFA-B8F2-465E-9529-AF86170ED2C7}.Debug|Any CPU.Build.0 = Debug|Any CPU
		{CC044CFA-B8F2-465E-9529-AF86170ED2C7}.Release|Any CPU.ActiveCfg = Release|Any CPU
		{CC044CFA-B8F2-465E-9529-AF86170ED2C7}.Release|Any CPU.Build.0 = Release|Any CPU
		{92CC34E4-87D3-4F54-829C-54DCD6B85EB4}.Debug|Any CPU.ActiveCfg = Debug|Any CPU
		{92CC34E4-87D3-4F54-829C-54DCD6B85EB4}.Debug|Any CPU.Build.0 = Debug|Any CPU
		{92CC34E4-87D3-4F54-829C-54DCD6B85EB4}.Release|Any CPU.ActiveCfg = Release|Any CPU
		{92CC34E4-87D3-4F54-829C-54DCD6B85EB4}.Release|Any CPU.Build.0 = Release|Any CPU
		{9C4AB6D1-DE49-4868-AAB3-AE6692CC32E4}.Debug|Any CPU.ActiveCfg = Debug|Any CPU
		{9C4AB6D1-DE49-4868-AAB3-AE6692CC32E4}.Debug|Any CPU.Build.0 = Debug|Any CPU
		{9C4AB6D1-DE49-4868-AAB3-AE6692CC32E4}.Release|Any CPU.ActiveCfg = Release|Any CPU
		{9C4AB6D1-DE49-4868-AAB3-AE6692CC32E4}.Release|Any CPU.Build.0 = Release|Any CPU
		{5BECEAFB-82C4-4D59-BAA0-D4553F04F19E}.Debug|Any CPU.ActiveCfg = Debug|Any CPU
		{5BECEAFB-82C4-4D59-BAA0-D4553F04F19E}.Debug|Any CPU.Build.0 = Debug|Any CPU
		{5BECEAFB-82C4-4D59-BAA0-D4553F04F19E}.Release|Any CPU.ActiveCfg = Release|Any CPU
		{5BECEAFB-82C4-4D59-BAA0-D4553F04F19E}.Release|Any CPU.Build.0 = Release|Any CPU
		{E4F8060C-085D-4C29-B958-F1ED32D2F6AF}.Debug|Any CPU.ActiveCfg = Debug|Any CPU
		{E4F8060C-085D-4C29-B958-F1ED32D2F6AF}.Debug|Any CPU.Build.0 = Debug|Any CPU
		{E4F8060C-085D-4C29-B958-F1ED32D2F6AF}.Release|Any CPU.ActiveCfg = Release|Any CPU
		{E4F8060C-085D-4C29-B958-F1ED32D2F6AF}.Release|Any CPU.Build.0 = Release|Any CPU
		{B9048AD6-B9E7-4621-AB47-EC23967BFDCC}.Debug|Any CPU.ActiveCfg = Debug|Any CPU
		{B9048AD6-B9E7-4621-AB47-EC23967BFDCC}.Debug|Any CPU.Build.0 = Debug|Any CPU
		{B9048AD6-B9E7-4621-AB47-EC23967BFDCC}.Release|Any CPU.ActiveCfg = Release|Any CPU
		{B9048AD6-B9E7-4621-AB47-EC23967BFDCC}.Release|Any CPU.Build.0 = Release|Any CPU
		{F98C6977-E54B-41C3-9DD2-259AF77D7FE6}.Debug|Any CPU.ActiveCfg = Debug|Any CPU
		{F98C6977-E54B-41C3-9DD2-259AF77D7FE6}.Debug|Any CPU.Build.0 = Debug|Any CPU
		{F98C6977-E54B-41C3-9DD2-259AF77D7FE6}.Release|Any CPU.ActiveCfg = Release|Any CPU
		{F98C6977-E54B-41C3-9DD2-259AF77D7FE6}.Release|Any CPU.Build.0 = Release|Any CPU
		{CAC77276-FD47-4AF9-8171-A97C3081F96E}.Debug|Any CPU.ActiveCfg = Debug|Any CPU
		{CAC77276-FD47-4AF9-8171-A97C3081F96E}.Debug|Any CPU.Build.0 = Debug|Any CPU
		{CAC77276-FD47-4AF9-8171-A97C3081F96E}.Release|Any CPU.ActiveCfg = Release|Any CPU
		{CAC77276-FD47-4AF9-8171-A97C3081F96E}.Release|Any CPU.Build.0 = Release|Any CPU
		{88402DDB-00E4-4649-831A-3C9B06BA033F}.Debug|Any CPU.ActiveCfg = Debug|Any CPU
		{88402DDB-00E4-4649-831A-3C9B06BA033F}.Debug|Any CPU.Build.0 = Debug|Any CPU
		{88402DDB-00E4-4649-831A-3C9B06BA033F}.Release|Any CPU.ActiveCfg = Release|Any CPU
		{88402DDB-00E4-4649-831A-3C9B06BA033F}.Release|Any CPU.Build.0 = Release|Any CPU
		{BCAA20EE-5DCB-40AF-BB03-EF20604B5490}.Debug|Any CPU.ActiveCfg = Debug|Any CPU
		{BCAA20EE-5DCB-40AF-BB03-EF20604B5490}.Debug|Any CPU.Build.0 = Debug|Any CPU
		{BCAA20EE-5DCB-40AF-BB03-EF20604B5490}.Release|Any CPU.ActiveCfg = Release|Any CPU
		{BCAA20EE-5DCB-40AF-BB03-EF20604B5490}.Release|Any CPU.Build.0 = Release|Any CPU
		{16089611-C781-41D6-B98B-F68527AFC7AF}.Debug|Any CPU.ActiveCfg = Debug|Any CPU
		{16089611-C781-41D6-B98B-F68527AFC7AF}.Debug|Any CPU.Build.0 = Debug|Any CPU
		{16089611-C781-41D6-B98B-F68527AFC7AF}.Release|Any CPU.ActiveCfg = Release|Any CPU
		{16089611-C781-41D6-B98B-F68527AFC7AF}.Release|Any CPU.Build.0 = Release|Any CPU
		{CB74363B-9FF8-40E9-A945-4F8688174047}.Debug|Any CPU.ActiveCfg = Debug|Any CPU
		{CB74363B-9FF8-40E9-A945-4F8688174047}.Debug|Any CPU.Build.0 = Debug|Any CPU
		{CB74363B-9FF8-40E9-A945-4F8688174047}.Release|Any CPU.ActiveCfg = Release|Any CPU
		{CB74363B-9FF8-40E9-A945-4F8688174047}.Release|Any CPU.Build.0 = Release|Any CPU
		{190C8ED1-398A-4622-828E-19E22DE41CDC}.Debug|Any CPU.ActiveCfg = Debug|Any CPU
		{190C8ED1-398A-4622-828E-19E22DE41CDC}.Debug|Any CPU.Build.0 = Debug|Any CPU
		{190C8ED1-398A-4622-828E-19E22DE41CDC}.Release|Any CPU.ActiveCfg = Release|Any CPU
		{190C8ED1-398A-4622-828E-19E22DE41CDC}.Release|Any CPU.Build.0 = Release|Any CPU
		{832F28B7-87E5-460B-8098-3657E64043F8}.Debug|Any CPU.ActiveCfg = Debug|Any CPU
		{832F28B7-87E5-460B-8098-3657E64043F8}.Debug|Any CPU.Build.0 = Debug|Any CPU
		{832F28B7-87E5-460B-8098-3657E64043F8}.Release|Any CPU.ActiveCfg = Release|Any CPU
		{832F28B7-87E5-460B-8098-3657E64043F8}.Release|Any CPU.Build.0 = Release|Any CPU
	EndGlobalSection
	GlobalSection(SolutionProperties) = preSolution
		HideSolutionNode = FALSE
	EndGlobalSection
	GlobalSection(NestedProjects) = preSolution
		{ADF49283-E66C-4AC0-A999-DC62BE172F9F} = {4BF84498-9E47-46D8-AF35-69D189AC7D4D}
		{C2C5179A-4C85-44AB-8F86-2EF641FDB53B} = {4BF84498-9E47-46D8-AF35-69D189AC7D4D}
		{311D87D1-2700-498E-A09A-AD44B377A9B4} = {4BF84498-9E47-46D8-AF35-69D189AC7D4D}
		{2896BE84-6FFE-40CD-B897-CE43C6D7B78E} = {4BF84498-9E47-46D8-AF35-69D189AC7D4D}
		{756D950E-44EC-47B2-91BD-C0527EBD0108} = {4BF84498-9E47-46D8-AF35-69D189AC7D4D}
		{4DFDB18F-76EF-452D-9335-D7772B0301B3} = {4BF84498-9E47-46D8-AF35-69D189AC7D4D}
		{1FDAEB41-AAF5-4D8C-A14B-FEB346E869BD} = {4BF84498-9E47-46D8-AF35-69D189AC7D4D}
		{886E2F3F-FE90-4FAE-89B7-7F94C856912B} = {9E9F8527-558D-4209-BBFB-77C9C42B6D44}
		{D07E47F3-02B6-45A1-8A7C-C12CD88A60DB} = {9E9F8527-558D-4209-BBFB-77C9C42B6D44}
		{69E2B980-4943-4FB0-BFFC-8A94B1A54C6D} = {9E9F8527-558D-4209-BBFB-77C9C42B6D44}
		{4512EB90-C999-480A-B144-C37F090D500A} = {9E9F8527-558D-4209-BBFB-77C9C42B6D44}
		{9AEB1065-3BB4-4F56-A1F4-4FBE48D31E2D} = {9E9F8527-558D-4209-BBFB-77C9C42B6D44}
		{3711C3BC-30C6-42ED-A7E9-C448BA48DD68} = {9E9F8527-558D-4209-BBFB-77C9C42B6D44}
		{27325A70-2B5A-4FC4-9E54-2AAAC8B08E82} = {9E9F8527-558D-4209-BBFB-77C9C42B6D44}
		{6C6C1B63-A2E8-4D5A-BEC6-AAF1511A4A92} = {CA6101AA-62B9-4F67-8DCA-DD42A7BAD134}
		{A3201369-DAAC-45B7-81A5-5E2C402A9721} = {CA6101AA-62B9-4F67-8DCA-DD42A7BAD134}
		{2D56A04C-34A8-48C8-8CAE-DF62A8543F53} = {CA6101AA-62B9-4F67-8DCA-DD42A7BAD134}
		{FBFE7301-A532-4129-88E1-F79754964B11} = {CA6101AA-62B9-4F67-8DCA-DD42A7BAD134}
		{1EB58CD7-F8CF-4D9F-9D9D-CC7591D44859} = {CA6101AA-62B9-4F67-8DCA-DD42A7BAD134}
		{78B3F9F6-121C-4365-BF27-653F471562FA} = {CA6101AA-62B9-4F67-8DCA-DD42A7BAD134}
		{2EDA6C0E-ACFD-41C1-A3E1-31DD11E3916A} = {CA6101AA-62B9-4F67-8DCA-DD42A7BAD134}
		{514628E2-230E-42FC-B7FA-AF76EDDCE56A} = {CA6101AA-62B9-4F67-8DCA-DD42A7BAD134}
		{123CA038-2436-44BA-8117-43F5615BDDFB} = {A4C23DB9-943A-479D-89D9-CA84DD6E9EE0}
		{E57D5324-AEAC-428E-BE12-EFCCA5E69F13} = {A4C23DB9-943A-479D-89D9-CA84DD6E9EE0}
		{8EB71A9E-75EA-465E-9150-27BB9E162A32} = {A4C23DB9-943A-479D-89D9-CA84DD6E9EE0}
		{8B6BD12E-344D-45F5-984B-17B62BA8C09E} = {A4C23DB9-943A-479D-89D9-CA84DD6E9EE0}
		{CE1B6792-9ADC-4B16-811F-835BEEF9B5D6} = {A4C23DB9-943A-479D-89D9-CA84DD6E9EE0}
		{E2829CCC-78BE-4685-A6B2-88836F8F3704} = {A4C23DB9-943A-479D-89D9-CA84DD6E9EE0}
		{758ABACA-A9C5-4031-8E9D-59EE241B61A5} = {A4C23DB9-943A-479D-89D9-CA84DD6E9EE0}
		{60DB684F-C228-400B-9641-FC32EF6F1964} = {A4C23DB9-943A-479D-89D9-CA84DD6E9EE0}
		{EF2EB5A6-BC6C-4F9F-8E37-A1CB1973AB79} = {EBAB43A6-709E-4643-A6FA-A3BA33978FB6}
		{2E8403DD-229B-4BDC-B98E-A16110C09E61} = {EBAB43A6-709E-4643-A6FA-A3BA33978FB6}
		{3C26B203-C675-4F81-B287-4BB00D81CDC8} = {EBAB43A6-709E-4643-A6FA-A3BA33978FB6}
		{F8DBE890-A11B-4443-917D-82A509F26896} = {EBAB43A6-709E-4643-A6FA-A3BA33978FB6}
		{AD2849E7-F66E-4A75-BA23-B980E2AC9AD1} = {EBAB43A6-709E-4643-A6FA-A3BA33978FB6}
		{578FD2A4-B06B-4110-8EB8-3D37DA783992} = {EBAB43A6-709E-4643-A6FA-A3BA33978FB6}
		{4FCEE555-31CB-4640-A784-9BB2EA8E7C92} = {EBAB43A6-709E-4643-A6FA-A3BA33978FB6}
		{5E59502F-FFA1-4299-B206-BD870821B6B0} = {EBAB43A6-709E-4643-A6FA-A3BA33978FB6}
		{C9DA0857-27A4-4E22-B104-4E5F5A2D631D} = {EBAB43A6-709E-4643-A6FA-A3BA33978FB6}
		{D768B919-3DA9-49A9-8DF2-1BE77175F35C} = {4F06BD54-3C32-40B2-AEFB-A4048853830C}
		{1FC84D95-8778-4891-845F-DE70CD33C177} = {4F06BD54-3C32-40B2-AEFB-A4048853830C}
		{6C4B269E-2232-4C56-B2C6-4594AC1DBA4F} = {4F06BD54-3C32-40B2-AEFB-A4048853830C}
		{E0F96E26-3891-41B5-B763-F33B489BAA73} = {E3FFF692-7878-4253-8691-E88E60C770E6}
		{7E620321-5616-45F7-9F0B-6079299A2705} = {E3FFF692-7878-4253-8691-E88E60C770E6}
		{8B1277DE-F926-4208-A368-27B51CC2E7FC} = {E3FFF692-7878-4253-8691-E88E60C770E6}
		{24AFEB13-ADD1-4B57-AFF9-E174F4BFD577} = {4F06BD54-3C32-40B2-AEFB-A4048853830C}
		{A6E18B08-4759-4AA7-8B70-9F32FBE33170} = {4F06BD54-3C32-40B2-AEFB-A4048853830C}
		{04D00787-3C8F-42D2-8B93-305859EF2C77} = {4F06BD54-3C32-40B2-AEFB-A4048853830C}
		{E7000BC2-861E-408E-995C-134824DCA86D} = {4F06BD54-3C32-40B2-AEFB-A4048853830C}
		{CC044CFA-B8F2-465E-9529-AF86170ED2C7} = {4F06BD54-3C32-40B2-AEFB-A4048853830C}
		{92CC34E4-87D3-4F54-829C-54DCD6B85EB4} = {4F06BD54-3C32-40B2-AEFB-A4048853830C}
		{9C4AB6D1-DE49-4868-AAB3-AE6692CC32E4} = {4F06BD54-3C32-40B2-AEFB-A4048853830C}
		{5BECEAFB-82C4-4D59-BAA0-D4553F04F19E} = {4F06BD54-3C32-40B2-AEFB-A4048853830C}
		{E4F8060C-085D-4C29-B958-F1ED32D2F6AF} = {4F06BD54-3C32-40B2-AEFB-A4048853830C}
		{B9048AD6-B9E7-4621-AB47-EC23967BFDCC} = {4F06BD54-3C32-40B2-AEFB-A4048853830C}
		{F98C6977-E54B-41C3-9DD2-259AF77D7FE6} = {E3FFF692-7878-4253-8691-E88E60C770E6}
		{CAC77276-FD47-4AF9-8171-A97C3081F96E} = {E3FFF692-7878-4253-8691-E88E60C770E6}
		{88402DDB-00E4-4649-831A-3C9B06BA033F} = {E3FFF692-7878-4253-8691-E88E60C770E6}
		{BCAA20EE-5DCB-40AF-BB03-EF20604B5490} = {E3FFF692-7878-4253-8691-E88E60C770E6}
		{16089611-C781-41D6-B98B-F68527AFC7AF} = {E3FFF692-7878-4253-8691-E88E60C770E6}
		{CB74363B-9FF8-40E9-A945-4F8688174047} = {9B8600C3-D997-4C18-9C34-4BCA8BC1B32E}
		{190C8ED1-398A-4622-828E-19E22DE41CDC} = {9B8600C3-D997-4C18-9C34-4BCA8BC1B32E}
		{832F28B7-87E5-460B-8098-3657E64043F8} = {9B8600C3-D997-4C18-9C34-4BCA8BC1B32E}
	EndGlobalSection
	GlobalSection(ExtensibilityGlobals) = postSolution
		SolutionGuid = {965BE383-BA2F-4175-A3E8-D08E8BD76E8A}
	EndGlobalSection
EndGlobal
