
Microsoft Visual Studio Solution File, Format Version 12.00
# Visual Studio Version 16
VisualStudioVersion = 16.0.30907.101
MinimumVisualStudioVersion = 10.0.40219.1
Project("{9A19103F-16F7-4668-BE54-9A1E7A4F7556}") = "01.DijkstraAlgorithm", "AlgorithmsAdvanced\01.DijkstraAlgorithm.csproj", "{CEE7427D-89E1-4249-8237-74C104056E9F}"
EndProject
Project("{2150E333-8FDC-42A3-9474-1A3956D46DE8}") = "DijkstraAndMST", "DijkstraAndMST", "{D75A3C5A-917E-4C34-8422-9F3CC75B1B2D}"
EndProject
Project("{9A19103F-16F7-4668-BE54-9A1E7A4F7556}") = "02.KruskalAlgorithm", "02. KruskalAlgorithm\02.KruskalAlgorithm.csproj", "{B9E23A24-6252-4A82-9E48-CF1A27AE55AD}"
EndProject
Project("{9A19103F-16F7-4668-BE54-9A1E7A4F7556}") = "03.PrimAlgorithm", "03.PrimAlgorithm\03.PrimAlgorithm.csproj", "{782F9031-1128-453A-BB22-9267B0E0A377}"
EndProject
Project("{2150E333-8FDC-42A3-9474-1A3956D46DE8}") = "Graphs Bellman-Ford Longest Path in (DAG)", "Graphs Bellman-Ford Longest Path in (DAG)", "{DE9361B1-3C92-47E7-8A34-60D42C8818EF}"
EndProject
Project("{9A19103F-16F7-4668-BE54-9A1E7A4F7556}") = "01.Bellman-Ford", "01. Bellman-Ford\01.Bellman-Ford.csproj", "{7AEF71C8-2005-4727-B927-76DCC8AEA8E4}"
EndProject
Project("{9A19103F-16F7-4668-BE54-9A1E7A4F7556}") = "02.LongestPath", "02.LongestPath\02.LongestPath.csproj", "{8F0078BD-699F-471D-BBAE-DE0A0E085CB7}"
EndProject
Project("{2150E333-8FDC-42A3-9474-1A3956D46DE8}") = "Graphs Bellman-Ford Longest Path in DAG - Exercise", "Graphs Bellman-Ford Longest Path in DAG - Exercise", "{A16619B5-AFFD-4544-8575-530F4B04D041}"
EndProject
Project("{9A19103F-16F7-4668-BE54-9A1E7A4F7556}") = "01.MostReliablePath", "01.MostReliablePath\01.MostReliablePath.csproj", "{57E311FA-BD3E-402D-9ACE-4FBAAE95CC00}"
EndProject
Project("{9A19103F-16F7-4668-BE54-9A1E7A4F7556}") = "02.CheapTownTour", "02.CheapTownTour\02.CheapTownTour.csproj", "{C2D9C61F-5969-41B0-8FDF-FA8605F39182}"
EndProject
Project("{9A19103F-16F7-4668-BE54-9A1E7A4F7556}") = "03.Undefined", "03.Undefined\03.Undefined.csproj", "{D40A9407-6977-434E-AA45-B7B8DEE7A8BC}"
EndProject
Project("{9A19103F-16F7-4668-BE54-9A1E7A4F7556}") = "04.BigTrip", "04.BigTrip\04.BigTrip.csproj", "{A95FBBCD-7F36-44CA-A6E4-61383BF7AECE}"
EndProject
Project("{9A19103F-16F7-4668-BE54-9A1E7A4F7556}") = "05.CableNetwork", "05.CableNetwork\05.CableNetwork.csproj", "{676D734D-487C-4B77-BCD4-0FF527DD163A}"
EndProject
Project("{9A19103F-16F7-4668-BE54-9A1E7A4F7556}") = "CorrectMostReliablePath", "CorrectMostReliablePath\CorrectMostReliablePath.csproj", "{EF656B5B-5DA5-4BAF-8C6C-9FA053EBDDA0}"
EndProject
Project("{2150E333-8FDC-42A3-9474-1A3956D46DE8}") = "GraphsStronglyConnectedComponents,MaxFlow-Lab", "GraphsStronglyConnectedComponents,MaxFlow-Lab", "{D4B8A989-5A08-4811-A3A0-DE1624784B30}"
EndProject
Project("{9A19103F-16F7-4668-BE54-9A1E7A4F7556}") = "01.StronglyConnectedComponents", "01.StronglyConnectedComponents\01.StronglyConnectedComponents.csproj", "{806320F1-367C-45F6-8062-9A50ACAF1FCE}"
EndProject
Project("{9A19103F-16F7-4668-BE54-9A1E7A4F7556}") = "02.MaxFlow", "02.MaxFlow\02.MaxFlow.csproj", "{B0D7A3B7-7097-4992-99D6-FD2AA81A8B46}"
EndProject
Project("{9A19103F-16F7-4668-BE54-9A1E7A4F7556}") = "03.ArticulationPoints", "03.ArticulationPoints\03.ArticulationPoints.csproj", "{D93A8330-7DA0-49A7-A51B-165007BEBA73}"
EndProject
Project("{2150E333-8FDC-42A3-9474-1A3956D46DE8}") = "GraphsStronglyConnectedComponentsMaxFlow-Exercise", "GraphsStronglyConnectedComponentsMaxFlow-Exercise", "{CD3E5FBF-F7B5-4F41-B696-F34BE12A74B5}"
EndProject
Project("{9A19103F-16F7-4668-BE54-9A1E7A4F7556}") = "01.ElectricalSubstationNetwork", "01.ElectricalSubstationNetwork\01.ElectricalSubstationNetwork.csproj", "{5F5DFE37-B145-453D-B35C-0A0F5FE9D8B9}"
EndProject
Project("{9A19103F-16F7-4668-BE54-9A1E7A4F7556}") = "03.FindBi-ConnectedComponents", "03.FindBi-ConnectedComponents\03.FindBi-ConnectedComponents.csproj", "{AF5B100D-834E-495B-AF19-13BF9B55B37B}"
EndProject
Project("{9A19103F-16F7-4668-BE54-9A1E7A4F7556}") = "02.MaximumTasksAssignment", "02.MaximumTasksAssignment\02.MaximumTasksAssignment.csproj", "{F808E409-02B8-4B09-9C8A-9ADCF7ECC453}"
EndProject
Project("{9A19103F-16F7-4668-BE54-9A1E7A4F7556}") = "03.FindBi-ConnectedComponentsFORCOMPONENTS", "03.FindBi-ConnectedComponentsFORCOMPONENTS\03.FindBi-ConnectedComponentsFORCOMPONENTS.csproj", "{674DBEFF-2103-4D9D-B79B-DA293639024A}"
EndProject
Project("{2150E333-8FDC-42A3-9474-1A3956D46DE8}") = "DynamicProgrammingAdvancedLab", "DynamicProgrammingAdvancedLab", "{01ADA602-7919-4905-8FCE-6D63CE6B6DE0}"
EndProject
Project("{9A19103F-16F7-4668-BE54-9A1E7A4F7556}") = "01.RodCutting", "01.RodCutting\01.RodCutting.csproj", "{05729C0E-B977-42EF-BCAC-48ECDDD2F92D}"
EndProject
Project("{9A19103F-16F7-4668-BE54-9A1E7A4F7556}") = "03.LongestIncreasingSubsequence", "03.LongestIncreasingSubsequence\03.LongestIncreasingSubsequence.csproj", "{C66AF62F-B0E4-4FC0-AD54-D7969EBDFD91}"
EndProject
Project("{9A19103F-16F7-4668-BE54-9A1E7A4F7556}") = "02.Knapsack", "02.Knapsack\02.Knapsack.csproj", "{034F94C7-097E-4F9A-A286-274E08FCE875}"
EndProject
Project("{2150E333-8FDC-42A3-9474-1A3956D46DE8}") = "DynamicProgrammingAdvancedExercise", "DynamicProgrammingAdvancedExercise", "{B4B9FC3F-D751-4E86-9BF0-2A86A965D5B0}"
EndProject
Project("{9A19103F-16F7-4668-BE54-9A1E7A4F7556}") = "01.CableMerchant", "01.CableMerchant\01.CableMerchant.csproj", "{BADAD61E-F14D-4193-A74B-0194FE280003}"
EndProject
Project("{9A19103F-16F7-4668-BE54-9A1E7A4F7556}") = "03.LongestStringChain", "03.LongestStringChain\03.LongestStringChain.csproj", "{82825C01-077E-4ED6-9F52-02F99310C5C6}"
EndProject
Project("{9A19103F-16F7-4668-BE54-9A1E7A4F7556}") = "02.BattlePoints", "02.BattlePoints\02.BattlePoints.csproj", "{3A92E052-AF1B-44F3-9988-720835458BB4}"
EndProject
Project("{9A19103F-16F7-4668-BE54-9A1E7A4F7556}") = "04.LongestZigzagSubsequence", "04.LongestZigzagSubsequence\04.LongestZigzagSubsequence.csproj", "{67D05F03-D290-4EAA-99B2-9A7233B03636}"
EndProject
Project("{2150E333-8FDC-42A3-9474-1A3956D46DE8}") = "ExamPrep", "ExamPrep", "{E321E34E-0523-4AB3-8F2B-937BC03AE3C9}"
EndProject
Project("{9A19103F-16F7-4668-BE54-9A1E7A4F7556}") = "01.TourDeSofia", "01.TourDeSofia\01.TourDeSofia.csproj", "{A1AB1F93-D3BA-47DF-A449-CC988C354E5A}"
EndProject
Project("{9A19103F-16F7-4668-BE54-9A1E7A4F7556}") = "03.RoadTrip", "03.RoadTrip\03.RoadTrip.csproj", "{7704B566-5341-4D05-94C1-21EB150A2696}"
EndProject
Project("{9A19103F-16F7-4668-BE54-9A1E7A4F7556}") = "02.ChainLightning", "02.ChainLightning\02.ChainLightning.csproj", "{7C3F07D7-1AC0-4BFC-AB1F-25161A4AFFE5}"
EndProject
Project("{9A19103F-16F7-4668-BE54-9A1E7A4F7556}") = "04.FoodProgramme", "04.FoodProgramme\04.FoodProgramme.csproj", "{A35180B6-4A8A-41AF-9E90-B7FF9322228A}"
EndProject
Project("{9A19103F-16F7-4668-BE54-9A1E7A4F7556}") = "05.DataTransfer", "05.DataTransfer\05.DataTransfer.csproj", "{CE8E39BD-412C-4848-8861-F68D9032F40F}"
EndProject
Project("{9A19103F-16F7-4668-BE54-9A1E7A4F7556}") = "06.VampireLabyrinth", "06.VampireLabyrinth\06.VampireLabyrinth.csproj", "{B12240CA-BADE-4923-8717-CABB2C186646}"
EndProject
Project("{2150E333-8FDC-42A3-9474-1A3956D46DE8}") = "Exam20.02.21", "Exam20.02.21", "{78145A1E-9FEA-4D12-94B7-30D0B1F44DFE}"
EndProject
Project("{9A19103F-16F7-4668-BE54-9A1E7A4F7556}") = "01.Problem", "01.Problem\01.Problem.csproj", "{B1862B69-BFEA-4F21-A508-30D16D05DC6B}"
EndProject
Project("{9A19103F-16F7-4668-BE54-9A1E7A4F7556}") = "02.Problem", "02.Problem\02.Problem.csproj", "{7DCD448B-717F-4A7D-853D-5E6B80601E30}"
EndProject
Project("{9A19103F-16F7-4668-BE54-9A1E7A4F7556}") = "03.Problem", "03.Problem\03.Problem.csproj", "{80B8277E-B635-44AC-A856-94D7EBDD1DF3}"
EndProject
Global
	GlobalSection(SolutionConfigurationPlatforms) = preSolution
		Debug|Any CPU = Debug|Any CPU
		Release|Any CPU = Release|Any CPU
	EndGlobalSection
	GlobalSection(ProjectConfigurationPlatforms) = postSolution
		{CEE7427D-89E1-4249-8237-74C104056E9F}.Debug|Any CPU.ActiveCfg = Debug|Any CPU
		{CEE7427D-89E1-4249-8237-74C104056E9F}.Debug|Any CPU.Build.0 = Debug|Any CPU
		{CEE7427D-89E1-4249-8237-74C104056E9F}.Release|Any CPU.ActiveCfg = Release|Any CPU
		{CEE7427D-89E1-4249-8237-74C104056E9F}.Release|Any CPU.Build.0 = Release|Any CPU
		{B9E23A24-6252-4A82-9E48-CF1A27AE55AD}.Debug|Any CPU.ActiveCfg = Debug|Any CPU
		{B9E23A24-6252-4A82-9E48-CF1A27AE55AD}.Debug|Any CPU.Build.0 = Debug|Any CPU
		{B9E23A24-6252-4A82-9E48-CF1A27AE55AD}.Release|Any CPU.ActiveCfg = Release|Any CPU
		{B9E23A24-6252-4A82-9E48-CF1A27AE55AD}.Release|Any CPU.Build.0 = Release|Any CPU
		{782F9031-1128-453A-BB22-9267B0E0A377}.Debug|Any CPU.ActiveCfg = Debug|Any CPU
		{782F9031-1128-453A-BB22-9267B0E0A377}.Debug|Any CPU.Build.0 = Debug|Any CPU
		{782F9031-1128-453A-BB22-9267B0E0A377}.Release|Any CPU.ActiveCfg = Release|Any CPU
		{782F9031-1128-453A-BB22-9267B0E0A377}.Release|Any CPU.Build.0 = Release|Any CPU
		{7AEF71C8-2005-4727-B927-76DCC8AEA8E4}.Debug|Any CPU.ActiveCfg = Debug|Any CPU
		{7AEF71C8-2005-4727-B927-76DCC8AEA8E4}.Debug|Any CPU.Build.0 = Debug|Any CPU
		{7AEF71C8-2005-4727-B927-76DCC8AEA8E4}.Release|Any CPU.ActiveCfg = Release|Any CPU
		{7AEF71C8-2005-4727-B927-76DCC8AEA8E4}.Release|Any CPU.Build.0 = Release|Any CPU
		{8F0078BD-699F-471D-BBAE-DE0A0E085CB7}.Debug|Any CPU.ActiveCfg = Debug|Any CPU
		{8F0078BD-699F-471D-BBAE-DE0A0E085CB7}.Debug|Any CPU.Build.0 = Debug|Any CPU
		{8F0078BD-699F-471D-BBAE-DE0A0E085CB7}.Release|Any CPU.ActiveCfg = Release|Any CPU
		{8F0078BD-699F-471D-BBAE-DE0A0E085CB7}.Release|Any CPU.Build.0 = Release|Any CPU
		{57E311FA-BD3E-402D-9ACE-4FBAAE95CC00}.Debug|Any CPU.ActiveCfg = Debug|Any CPU
		{57E311FA-BD3E-402D-9ACE-4FBAAE95CC00}.Debug|Any CPU.Build.0 = Debug|Any CPU
		{57E311FA-BD3E-402D-9ACE-4FBAAE95CC00}.Release|Any CPU.ActiveCfg = Release|Any CPU
		{57E311FA-BD3E-402D-9ACE-4FBAAE95CC00}.Release|Any CPU.Build.0 = Release|Any CPU
		{C2D9C61F-5969-41B0-8FDF-FA8605F39182}.Debug|Any CPU.ActiveCfg = Debug|Any CPU
		{C2D9C61F-5969-41B0-8FDF-FA8605F39182}.Debug|Any CPU.Build.0 = Debug|Any CPU
		{C2D9C61F-5969-41B0-8FDF-FA8605F39182}.Release|Any CPU.ActiveCfg = Release|Any CPU
		{C2D9C61F-5969-41B0-8FDF-FA8605F39182}.Release|Any CPU.Build.0 = Release|Any CPU
		{D40A9407-6977-434E-AA45-B7B8DEE7A8BC}.Debug|Any CPU.ActiveCfg = Debug|Any CPU
		{D40A9407-6977-434E-AA45-B7B8DEE7A8BC}.Debug|Any CPU.Build.0 = Debug|Any CPU
		{D40A9407-6977-434E-AA45-B7B8DEE7A8BC}.Release|Any CPU.ActiveCfg = Release|Any CPU
		{D40A9407-6977-434E-AA45-B7B8DEE7A8BC}.Release|Any CPU.Build.0 = Release|Any CPU
		{A95FBBCD-7F36-44CA-A6E4-61383BF7AECE}.Debug|Any CPU.ActiveCfg = Debug|Any CPU
		{A95FBBCD-7F36-44CA-A6E4-61383BF7AECE}.Debug|Any CPU.Build.0 = Debug|Any CPU
		{A95FBBCD-7F36-44CA-A6E4-61383BF7AECE}.Release|Any CPU.ActiveCfg = Release|Any CPU
		{A95FBBCD-7F36-44CA-A6E4-61383BF7AECE}.Release|Any CPU.Build.0 = Release|Any CPU
		{676D734D-487C-4B77-BCD4-0FF527DD163A}.Debug|Any CPU.ActiveCfg = Debug|Any CPU
		{676D734D-487C-4B77-BCD4-0FF527DD163A}.Debug|Any CPU.Build.0 = Debug|Any CPU
		{676D734D-487C-4B77-BCD4-0FF527DD163A}.Release|Any CPU.ActiveCfg = Release|Any CPU
		{676D734D-487C-4B77-BCD4-0FF527DD163A}.Release|Any CPU.Build.0 = Release|Any CPU
		{EF656B5B-5DA5-4BAF-8C6C-9FA053EBDDA0}.Debug|Any CPU.ActiveCfg = Debug|Any CPU
		{EF656B5B-5DA5-4BAF-8C6C-9FA053EBDDA0}.Debug|Any CPU.Build.0 = Debug|Any CPU
		{EF656B5B-5DA5-4BAF-8C6C-9FA053EBDDA0}.Release|Any CPU.ActiveCfg = Release|Any CPU
		{EF656B5B-5DA5-4BAF-8C6C-9FA053EBDDA0}.Release|Any CPU.Build.0 = Release|Any CPU
		{806320F1-367C-45F6-8062-9A50ACAF1FCE}.Debug|Any CPU.ActiveCfg = Debug|Any CPU
		{806320F1-367C-45F6-8062-9A50ACAF1FCE}.Debug|Any CPU.Build.0 = Debug|Any CPU
		{806320F1-367C-45F6-8062-9A50ACAF1FCE}.Release|Any CPU.ActiveCfg = Release|Any CPU
		{806320F1-367C-45F6-8062-9A50ACAF1FCE}.Release|Any CPU.Build.0 = Release|Any CPU
		{B0D7A3B7-7097-4992-99D6-FD2AA81A8B46}.Debug|Any CPU.ActiveCfg = Debug|Any CPU
		{B0D7A3B7-7097-4992-99D6-FD2AA81A8B46}.Debug|Any CPU.Build.0 = Debug|Any CPU
		{B0D7A3B7-7097-4992-99D6-FD2AA81A8B46}.Release|Any CPU.ActiveCfg = Release|Any CPU
		{B0D7A3B7-7097-4992-99D6-FD2AA81A8B46}.Release|Any CPU.Build.0 = Release|Any CPU
		{D93A8330-7DA0-49A7-A51B-165007BEBA73}.Debug|Any CPU.ActiveCfg = Debug|Any CPU
		{D93A8330-7DA0-49A7-A51B-165007BEBA73}.Debug|Any CPU.Build.0 = Debug|Any CPU
		{D93A8330-7DA0-49A7-A51B-165007BEBA73}.Release|Any CPU.ActiveCfg = Release|Any CPU
		{D93A8330-7DA0-49A7-A51B-165007BEBA73}.Release|Any CPU.Build.0 = Release|Any CPU
		{5F5DFE37-B145-453D-B35C-0A0F5FE9D8B9}.Debug|Any CPU.ActiveCfg = Debug|Any CPU
		{5F5DFE37-B145-453D-B35C-0A0F5FE9D8B9}.Debug|Any CPU.Build.0 = Debug|Any CPU
		{5F5DFE37-B145-453D-B35C-0A0F5FE9D8B9}.Release|Any CPU.ActiveCfg = Release|Any CPU
		{5F5DFE37-B145-453D-B35C-0A0F5FE9D8B9}.Release|Any CPU.Build.0 = Release|Any CPU
		{AF5B100D-834E-495B-AF19-13BF9B55B37B}.Debug|Any CPU.ActiveCfg = Debug|Any CPU
		{AF5B100D-834E-495B-AF19-13BF9B55B37B}.Debug|Any CPU.Build.0 = Debug|Any CPU
		{AF5B100D-834E-495B-AF19-13BF9B55B37B}.Release|Any CPU.ActiveCfg = Release|Any CPU
		{AF5B100D-834E-495B-AF19-13BF9B55B37B}.Release|Any CPU.Build.0 = Release|Any CPU
		{F808E409-02B8-4B09-9C8A-9ADCF7ECC453}.Debug|Any CPU.ActiveCfg = Debug|Any CPU
		{F808E409-02B8-4B09-9C8A-9ADCF7ECC453}.Debug|Any CPU.Build.0 = Debug|Any CPU
		{F808E409-02B8-4B09-9C8A-9ADCF7ECC453}.Release|Any CPU.ActiveCfg = Release|Any CPU
		{F808E409-02B8-4B09-9C8A-9ADCF7ECC453}.Release|Any CPU.Build.0 = Release|Any CPU
		{674DBEFF-2103-4D9D-B79B-DA293639024A}.Debug|Any CPU.ActiveCfg = Debug|Any CPU
		{674DBEFF-2103-4D9D-B79B-DA293639024A}.Debug|Any CPU.Build.0 = Debug|Any CPU
		{674DBEFF-2103-4D9D-B79B-DA293639024A}.Release|Any CPU.ActiveCfg = Release|Any CPU
		{674DBEFF-2103-4D9D-B79B-DA293639024A}.Release|Any CPU.Build.0 = Release|Any CPU
		{05729C0E-B977-42EF-BCAC-48ECDDD2F92D}.Debug|Any CPU.ActiveCfg = Debug|Any CPU
		{05729C0E-B977-42EF-BCAC-48ECDDD2F92D}.Debug|Any CPU.Build.0 = Debug|Any CPU
		{05729C0E-B977-42EF-BCAC-48ECDDD2F92D}.Release|Any CPU.ActiveCfg = Release|Any CPU
		{05729C0E-B977-42EF-BCAC-48ECDDD2F92D}.Release|Any CPU.Build.0 = Release|Any CPU
		{C66AF62F-B0E4-4FC0-AD54-D7969EBDFD91}.Debug|Any CPU.ActiveCfg = Debug|Any CPU
		{C66AF62F-B0E4-4FC0-AD54-D7969EBDFD91}.Debug|Any CPU.Build.0 = Debug|Any CPU
		{C66AF62F-B0E4-4FC0-AD54-D7969EBDFD91}.Release|Any CPU.ActiveCfg = Release|Any CPU
		{C66AF62F-B0E4-4FC0-AD54-D7969EBDFD91}.Release|Any CPU.Build.0 = Release|Any CPU
		{034F94C7-097E-4F9A-A286-274E08FCE875}.Debug|Any CPU.ActiveCfg = Debug|Any CPU
		{034F94C7-097E-4F9A-A286-274E08FCE875}.Debug|Any CPU.Build.0 = Debug|Any CPU
		{034F94C7-097E-4F9A-A286-274E08FCE875}.Release|Any CPU.ActiveCfg = Release|Any CPU
		{034F94C7-097E-4F9A-A286-274E08FCE875}.Release|Any CPU.Build.0 = Release|Any CPU
		{BADAD61E-F14D-4193-A74B-0194FE280003}.Debug|Any CPU.ActiveCfg = Debug|Any CPU
		{BADAD61E-F14D-4193-A74B-0194FE280003}.Debug|Any CPU.Build.0 = Debug|Any CPU
		{BADAD61E-F14D-4193-A74B-0194FE280003}.Release|Any CPU.ActiveCfg = Release|Any CPU
		{BADAD61E-F14D-4193-A74B-0194FE280003}.Release|Any CPU.Build.0 = Release|Any CPU
		{82825C01-077E-4ED6-9F52-02F99310C5C6}.Debug|Any CPU.ActiveCfg = Debug|Any CPU
		{82825C01-077E-4ED6-9F52-02F99310C5C6}.Debug|Any CPU.Build.0 = Debug|Any CPU
		{82825C01-077E-4ED6-9F52-02F99310C5C6}.Release|Any CPU.ActiveCfg = Release|Any CPU
		{82825C01-077E-4ED6-9F52-02F99310C5C6}.Release|Any CPU.Build.0 = Release|Any CPU
		{3A92E052-AF1B-44F3-9988-720835458BB4}.Debug|Any CPU.ActiveCfg = Debug|Any CPU
		{3A92E052-AF1B-44F3-9988-720835458BB4}.Debug|Any CPU.Build.0 = Debug|Any CPU
		{3A92E052-AF1B-44F3-9988-720835458BB4}.Release|Any CPU.ActiveCfg = Release|Any CPU
		{3A92E052-AF1B-44F3-9988-720835458BB4}.Release|Any CPU.Build.0 = Release|Any CPU
		{67D05F03-D290-4EAA-99B2-9A7233B03636}.Debug|Any CPU.ActiveCfg = Debug|Any CPU
		{67D05F03-D290-4EAA-99B2-9A7233B03636}.Debug|Any CPU.Build.0 = Debug|Any CPU
		{67D05F03-D290-4EAA-99B2-9A7233B03636}.Release|Any CPU.ActiveCfg = Release|Any CPU
		{67D05F03-D290-4EAA-99B2-9A7233B03636}.Release|Any CPU.Build.0 = Release|Any CPU
		{A1AB1F93-D3BA-47DF-A449-CC988C354E5A}.Debug|Any CPU.ActiveCfg = Debug|Any CPU
		{A1AB1F93-D3BA-47DF-A449-CC988C354E5A}.Debug|Any CPU.Build.0 = Debug|Any CPU
		{A1AB1F93-D3BA-47DF-A449-CC988C354E5A}.Release|Any CPU.ActiveCfg = Release|Any CPU
		{A1AB1F93-D3BA-47DF-A449-CC988C354E5A}.Release|Any CPU.Build.0 = Release|Any CPU
		{7704B566-5341-4D05-94C1-21EB150A2696}.Debug|Any CPU.ActiveCfg = Debug|Any CPU
		{7704B566-5341-4D05-94C1-21EB150A2696}.Debug|Any CPU.Build.0 = Debug|Any CPU
		{7704B566-5341-4D05-94C1-21EB150A2696}.Release|Any CPU.ActiveCfg = Release|Any CPU
		{7704B566-5341-4D05-94C1-21EB150A2696}.Release|Any CPU.Build.0 = Release|Any CPU
		{7C3F07D7-1AC0-4BFC-AB1F-25161A4AFFE5}.Debug|Any CPU.ActiveCfg = Debug|Any CPU
		{7C3F07D7-1AC0-4BFC-AB1F-25161A4AFFE5}.Debug|Any CPU.Build.0 = Debug|Any CPU
		{7C3F07D7-1AC0-4BFC-AB1F-25161A4AFFE5}.Release|Any CPU.ActiveCfg = Release|Any CPU
		{7C3F07D7-1AC0-4BFC-AB1F-25161A4AFFE5}.Release|Any CPU.Build.0 = Release|Any CPU
		{A35180B6-4A8A-41AF-9E90-B7FF9322228A}.Debug|Any CPU.ActiveCfg = Debug|Any CPU
		{A35180B6-4A8A-41AF-9E90-B7FF9322228A}.Debug|Any CPU.Build.0 = Debug|Any CPU
		{A35180B6-4A8A-41AF-9E90-B7FF9322228A}.Release|Any CPU.ActiveCfg = Release|Any CPU
		{A35180B6-4A8A-41AF-9E90-B7FF9322228A}.Release|Any CPU.Build.0 = Release|Any CPU
		{CE8E39BD-412C-4848-8861-F68D9032F40F}.Debug|Any CPU.ActiveCfg = Debug|Any CPU
		{CE8E39BD-412C-4848-8861-F68D9032F40F}.Debug|Any CPU.Build.0 = Debug|Any CPU
		{CE8E39BD-412C-4848-8861-F68D9032F40F}.Release|Any CPU.ActiveCfg = Release|Any CPU
		{CE8E39BD-412C-4848-8861-F68D9032F40F}.Release|Any CPU.Build.0 = Release|Any CPU
		{B12240CA-BADE-4923-8717-CABB2C186646}.Debug|Any CPU.ActiveCfg = Debug|Any CPU
		{B12240CA-BADE-4923-8717-CABB2C186646}.Debug|Any CPU.Build.0 = Debug|Any CPU
		{B12240CA-BADE-4923-8717-CABB2C186646}.Release|Any CPU.ActiveCfg = Release|Any CPU
		{B12240CA-BADE-4923-8717-CABB2C186646}.Release|Any CPU.Build.0 = Release|Any CPU
		{B1862B69-BFEA-4F21-A508-30D16D05DC6B}.Debug|Any CPU.ActiveCfg = Debug|Any CPU
		{B1862B69-BFEA-4F21-A508-30D16D05DC6B}.Debug|Any CPU.Build.0 = Debug|Any CPU
		{B1862B69-BFEA-4F21-A508-30D16D05DC6B}.Release|Any CPU.ActiveCfg = Release|Any CPU
		{B1862B69-BFEA-4F21-A508-30D16D05DC6B}.Release|Any CPU.Build.0 = Release|Any CPU
		{7DCD448B-717F-4A7D-853D-5E6B80601E30}.Debug|Any CPU.ActiveCfg = Debug|Any CPU
		{7DCD448B-717F-4A7D-853D-5E6B80601E30}.Debug|Any CPU.Build.0 = Debug|Any CPU
		{7DCD448B-717F-4A7D-853D-5E6B80601E30}.Release|Any CPU.ActiveCfg = Release|Any CPU
		{7DCD448B-717F-4A7D-853D-5E6B80601E30}.Release|Any CPU.Build.0 = Release|Any CPU
		{80B8277E-B635-44AC-A856-94D7EBDD1DF3}.Debug|Any CPU.ActiveCfg = Debug|Any CPU
		{80B8277E-B635-44AC-A856-94D7EBDD1DF3}.Debug|Any CPU.Build.0 = Debug|Any CPU
		{80B8277E-B635-44AC-A856-94D7EBDD1DF3}.Release|Any CPU.ActiveCfg = Release|Any CPU
		{80B8277E-B635-44AC-A856-94D7EBDD1DF3}.Release|Any CPU.Build.0 = Release|Any CPU
	EndGlobalSection
	GlobalSection(SolutionProperties) = preSolution
		HideSolutionNode = FALSE
	EndGlobalSection
	GlobalSection(NestedProjects) = preSolution
		{CEE7427D-89E1-4249-8237-74C104056E9F} = {D75A3C5A-917E-4C34-8422-9F3CC75B1B2D}
		{B9E23A24-6252-4A82-9E48-CF1A27AE55AD} = {D75A3C5A-917E-4C34-8422-9F3CC75B1B2D}
		{782F9031-1128-453A-BB22-9267B0E0A377} = {D75A3C5A-917E-4C34-8422-9F3CC75B1B2D}
		{7AEF71C8-2005-4727-B927-76DCC8AEA8E4} = {DE9361B1-3C92-47E7-8A34-60D42C8818EF}
		{8F0078BD-699F-471D-BBAE-DE0A0E085CB7} = {DE9361B1-3C92-47E7-8A34-60D42C8818EF}
		{57E311FA-BD3E-402D-9ACE-4FBAAE95CC00} = {A16619B5-AFFD-4544-8575-530F4B04D041}
		{C2D9C61F-5969-41B0-8FDF-FA8605F39182} = {A16619B5-AFFD-4544-8575-530F4B04D041}
		{D40A9407-6977-434E-AA45-B7B8DEE7A8BC} = {A16619B5-AFFD-4544-8575-530F4B04D041}
		{A95FBBCD-7F36-44CA-A6E4-61383BF7AECE} = {A16619B5-AFFD-4544-8575-530F4B04D041}
		{676D734D-487C-4B77-BCD4-0FF527DD163A} = {A16619B5-AFFD-4544-8575-530F4B04D041}
		{EF656B5B-5DA5-4BAF-8C6C-9FA053EBDDA0} = {A16619B5-AFFD-4544-8575-530F4B04D041}
		{806320F1-367C-45F6-8062-9A50ACAF1FCE} = {D4B8A989-5A08-4811-A3A0-DE1624784B30}
		{B0D7A3B7-7097-4992-99D6-FD2AA81A8B46} = {D4B8A989-5A08-4811-A3A0-DE1624784B30}
		{D93A8330-7DA0-49A7-A51B-165007BEBA73} = {D4B8A989-5A08-4811-A3A0-DE1624784B30}
		{5F5DFE37-B145-453D-B35C-0A0F5FE9D8B9} = {CD3E5FBF-F7B5-4F41-B696-F34BE12A74B5}
		{AF5B100D-834E-495B-AF19-13BF9B55B37B} = {CD3E5FBF-F7B5-4F41-B696-F34BE12A74B5}
		{F808E409-02B8-4B09-9C8A-9ADCF7ECC453} = {CD3E5FBF-F7B5-4F41-B696-F34BE12A74B5}
		{674DBEFF-2103-4D9D-B79B-DA293639024A} = {CD3E5FBF-F7B5-4F41-B696-F34BE12A74B5}
		{05729C0E-B977-42EF-BCAC-48ECDDD2F92D} = {01ADA602-7919-4905-8FCE-6D63CE6B6DE0}
		{C66AF62F-B0E4-4FC0-AD54-D7969EBDFD91} = {01ADA602-7919-4905-8FCE-6D63CE6B6DE0}
		{034F94C7-097E-4F9A-A286-274E08FCE875} = {01ADA602-7919-4905-8FCE-6D63CE6B6DE0}
		{BADAD61E-F14D-4193-A74B-0194FE280003} = {B4B9FC3F-D751-4E86-9BF0-2A86A965D5B0}
		{82825C01-077E-4ED6-9F52-02F99310C5C6} = {B4B9FC3F-D751-4E86-9BF0-2A86A965D5B0}
		{3A92E052-AF1B-44F3-9988-720835458BB4} = {B4B9FC3F-D751-4E86-9BF0-2A86A965D5B0}
		{67D05F03-D290-4EAA-99B2-9A7233B03636} = {B4B9FC3F-D751-4E86-9BF0-2A86A965D5B0}
		{A1AB1F93-D3BA-47DF-A449-CC988C354E5A} = {E321E34E-0523-4AB3-8F2B-937BC03AE3C9}
		{7704B566-5341-4D05-94C1-21EB150A2696} = {E321E34E-0523-4AB3-8F2B-937BC03AE3C9}
		{7C3F07D7-1AC0-4BFC-AB1F-25161A4AFFE5} = {E321E34E-0523-4AB3-8F2B-937BC03AE3C9}
		{A35180B6-4A8A-41AF-9E90-B7FF9322228A} = {E321E34E-0523-4AB3-8F2B-937BC03AE3C9}
		{CE8E39BD-412C-4848-8861-F68D9032F40F} = {E321E34E-0523-4AB3-8F2B-937BC03AE3C9}
		{B12240CA-BADE-4923-8717-CABB2C186646} = {E321E34E-0523-4AB3-8F2B-937BC03AE3C9}
		{B1862B69-BFEA-4F21-A508-30D16D05DC6B} = {78145A1E-9FEA-4D12-94B7-30D0B1F44DFE}
		{7DCD448B-717F-4A7D-853D-5E6B80601E30} = {78145A1E-9FEA-4D12-94B7-30D0B1F44DFE}
		{80B8277E-B635-44AC-A856-94D7EBDD1DF3} = {78145A1E-9FEA-4D12-94B7-30D0B1F44DFE}
	EndGlobalSection
	GlobalSection(ExtensibilityGlobals) = postSolution
		SolutionGuid = {B72189EB-7170-4500-A011-9D25F77023FF}
	EndGlobalSection
EndGlobal
